
Microsoft Visual Studio Solution File, Format Version 12.00
# Visual Studio 15
VisualStudioVersion = 15.0.26730.16
MinimumVisualStudioVersion = 10.0.40219.1
Project("{FAE04EC0-301F-11D3-BF4B-00C04F79EFBC}") = "Backgammon.Testing", "BackgammonTesting\Backgammon.Testing.csproj", "{BFA730FF-E290-4A1E-A2E3-3969D74D959A}"
EndProject
Project("{FAE04EC0-301F-11D3-BF4B-00C04F79EFBC}") = "Backgammon.Console", "Backgammon.Console\Backgammon.Console.csproj", "{DBE38B26-7E61-455B-9793-4A16FB4E20DC}"
EndProject
Project("{FAE04EC0-301F-11D3-BF4B-00C04F79EFBC}") = "Backgammon.Model", "Backgammon.Model\Backgammon.Model.csproj", "{EF9FE1B9-E559-4CB5-A899-841ECC93E2AD}"
EndProject
Project("{2150E333-8FDC-42A3-9474-1A3956D46DE8}") = "Solution Items", "Solution Items", "{E4537802-BDBD-4000-A015-852F5422F553}"
EndProject
Project("{FAE04EC0-301F-11D3-BF4B-00C04F79EFBC}") = "Backgammon.Fixtures", "Fixtures\Backgammon.Fixtures.csproj", "{B74C434A-8AFE-4F4A-8926-D740CEA62F36}"
EndProject
Project("{FAE04EC0-301F-11D3-BF4B-00C04F79EFBC}") = "Backgammon.TestSimualtions", "Backgammon.Testsimualtions\Backgammon.TestSimualtions.csproj", "{AA1F820D-7562-4CBE-A46E-660A7EB85CF1}"
EndProject
Global
	GlobalSection(SolutionConfigurationPlatforms) = preSolution
		Debug|Any CPU = Debug|Any CPU
		Release|Any CPU = Release|Any CPU
	EndGlobalSection
	GlobalSection(ProjectConfigurationPlatforms) = postSolution
		{BFA730FF-E290-4A1E-A2E3-3969D74D959A}.Debug|Any CPU.ActiveCfg = Debug|Any CPU
		{BFA730FF-E290-4A1E-A2E3-3969D74D959A}.Debug|Any CPU.Build.0 = Debug|Any CPU
		{BFA730FF-E290-4A1E-A2E3-3969D74D959A}.Release|Any CPU.ActiveCfg = Release|Any CPU
		{BFA730FF-E290-4A1E-A2E3-3969D74D959A}.Release|Any CPU.Build.0 = Release|Any CPU
		{DBE38B26-7E61-455B-9793-4A16FB4E20DC}.Debug|Any CPU.ActiveCfg = Debug|Any CPU
		{DBE38B26-7E61-455B-9793-4A16FB4E20DC}.Debug|Any CPU.Build.0 = Debug|Any CPU
		{DBE38B26-7E61-455B-9793-4A16FB4E20DC}.Release|Any CPU.ActiveCfg = Release|Any CPU
		{DBE38B26-7E61-455B-9793-4A16FB4E20DC}.Release|Any CPU.Build.0 = Release|Any CPU
		{EF9FE1B9-E559-4CB5-A899-841ECC93E2AD}.Debug|Any CPU.ActiveCfg = Debug|Any CPU
		{EF9FE1B9-E559-4CB5-A899-841ECC93E2AD}.Debug|Any CPU.Build.0 = Debug|Any CPU
		{EF9FE1B9-E559-4CB5-A899-841ECC93E2AD}.Release|Any CPU.ActiveCfg = Release|Any CPU
		{EF9FE1B9-E559-4CB5-A899-841ECC93E2AD}.Release|Any CPU.Build.0 = Release|Any CPU
		{B74C434A-8AFE-4F4A-8926-D740CEA62F36}.Debug|Any CPU.ActiveCfg = Debug|Any CPU
		{B74C434A-8AFE-4F4A-8926-D740CEA62F36}.Debug|Any CPU.Build.0 = Debug|Any CPU
		{B74C434A-8AFE-4F4A-8926-D740CEA62F36}.Release|Any CPU.ActiveCfg = Release|Any CPU
		{B74C434A-8AFE-4F4A-8926-D740CEA62F36}.Release|Any CPU.Build.0 = Release|Any CPU
		{AA1F820D-7562-4CBE-A46E-660A7EB85CF1}.Debug|Any CPU.ActiveCfg = Debug|Any CPU
		{AA1F820D-7562-4CBE-A46E-660A7EB85CF1}.Debug|Any CPU.Build.0 = Debug|Any CPU
		{AA1F820D-7562-4CBE-A46E-660A7EB85CF1}.Release|Any CPU.ActiveCfg = Release|Any CPU
		{AA1F820D-7562-4CBE-A46E-660A7EB85CF1}.Release|Any CPU.Build.0 = Release|Any CPU
	EndGlobalSection
	GlobalSection(SolutionProperties) = preSolution
		HideSolutionNode = FALSE
	EndGlobalSection
	GlobalSection(ExtensibilityGlobals) = postSolution
		SolutionGuid = {67F5F9BD-8EEC-4866-819A-D2C51AD86871}
	EndGlobalSection
EndGlobal
